
Microsoft Visual Studio Solution File, Format Version 12.00
# Visual Studio Version 17
VisualStudioVersion = 17.7.34221.43
MinimumVisualStudioVersion = 10.0.40219.1
Project("{FAE04EC0-301F-11D3-BF4B-00C04F79EFBC}") = "cryptocheck", "cryptocheck\cryptocheck.csproj", "{D60B8125-42BD-4327-8A55-92570A810670}"
EndProject
Global
	GlobalSection(SolutionConfigurationPlatforms) = preSolution
		Debug|Any CPU = Debug|Any CPU
		Release|Any CPU = Release|Any CPU
	EndGlobalSection
	GlobalSection(ProjectConfigurationPlatforms) = postSolution
		{D60B8125-42BD-4327-8A55-92570A810670}.Debug|Any CPU.ActiveCfg = Debug|Any CPU
		{D60B8125-42BD-4327-8A55-92570A810670}.Debug|Any CPU.Build.0 = Debug|Any CPU
		{D60B8125-42BD-4327-8A55-92570A810670}.Release|Any CPU.ActiveCfg = Release|Any CPU
		{D60B8125-42BD-4327-8A55-92570A810670}.Release|Any CPU.Build.0 = Release|Any CPU
	EndGlobalSection
	GlobalSection(SolutionProperties) = preSolution
		HideSolutionNode = FALSE
	EndGlobalSection
	GlobalSection(ExtensibilityGlobals) = postSolution
		SolutionGuid = {5FAEF622-C5C3-4088-98B7-BC174D4FA0DE}
	EndGlobalSection
EndGlobal
